{
    "name": "TinyWuYou-壁纸",
    "version": "1.0.0",
    "lockfileVersion": 3,
    "requires": true,
    "packages": {
        "": {
            "name": "TinyWuYou-壁纸",
            "version": "1.0.0",
            "dependencies": {
                "fusions-ui": "^1.0.8"
            }
        },
        "node_modules/fusions-ui": {
            "version": "1.0.8",
            "resolved": "https://registry.npmjs.org/fusions-ui/-/fusions-ui-1.0.8.tgz",
            "integrity": "sha512-tOgHIkUfalO53fb6erSF3DVA+bycAYqEUMUD4yo5v5tCLVUWMO/jKj4flu43v85mxppqawEZVW8B4y3qJ9SC2Q==",
            "license": "ISC"
        }
    }
}
